
Microsoft Visual Studio Solution File, Format Version 12.00
# Visual Studio Version 17
VisualStudioVersion = 17.8.34511.84
MinimumVisualStudioVersion = 10.0.40219.1
Project("{9A19103F-16F7-4668-BE54-9A1E7A4F7556}") = "Api", "Api\Api.csproj", "{A1F01D28-1D55-4C21-BA4E-54ACEB1A96B5}"
	ProjectSection(ProjectDependencies) = postProject
		{54761CD5-F4DA-49A5-A60C-35D350A599D5} = {54761CD5-F4DA-49A5-A60C-35D350A599D5}
		{5F09D23A-F723-429C-B15B-E2810D7BB39D} = {5F09D23A-F723-429C-B15B-E2810D7BB39D}
	EndProjectSection
EndProject
Project("{FAE04EC0-301F-11D3-BF4B-00C04F79EFBC}") = "Core", "Core\Core.csproj", "{54761CD5-F4DA-49A5-A60C-35D350A599D5}"
EndProject
Project("{FAE04EC0-301F-11D3-BF4B-00C04F79EFBC}") = "Infrastructure", "Infrastructure\Infrastructure.csproj", "{5F09D23A-F723-429C-B15B-E2810D7BB39D}"
	ProjectSection(ProjectDependencies) = postProject
		{54761CD5-F4DA-49A5-A60C-35D350A599D5} = {54761CD5-F4DA-49A5-A60C-35D350A599D5}
	EndProjectSection
EndProject
Global
	GlobalSection(SolutionConfigurationPlatforms) = preSolution
		Debug|Any CPU = Debug|Any CPU
		Release|Any CPU = Release|Any CPU
	EndGlobalSection
	GlobalSection(ProjectConfigurationPlatforms) = postSolution
		{A1F01D28-1D55-4C21-BA4E-54ACEB1A96B5}.Debug|Any CPU.ActiveCfg = Debug|Any CPU
		{A1F01D28-1D55-4C21-BA4E-54ACEB1A96B5}.Debug|Any CPU.Build.0 = Debug|Any CPU
		{A1F01D28-1D55-4C21-BA4E-54ACEB1A96B5}.Release|Any CPU.ActiveCfg = Release|Any CPU
		{A1F01D28-1D55-4C21-BA4E-54ACEB1A96B5}.Release|Any CPU.Build.0 = Release|Any CPU
		{54761CD5-F4DA-49A5-A60C-35D350A599D5}.Debug|Any CPU.ActiveCfg = Debug|Any CPU
		{54761CD5-F4DA-49A5-A60C-35D350A599D5}.Debug|Any CPU.Build.0 = Debug|Any CPU
		{54761CD5-F4DA-49A5-A60C-35D350A599D5}.Release|Any CPU.ActiveCfg = Release|Any CPU
		{54761CD5-F4DA-49A5-A60C-35D350A599D5}.Release|Any CPU.Build.0 = Release|Any CPU
		{5F09D23A-F723-429C-B15B-E2810D7BB39D}.Debug|Any CPU.ActiveCfg = Debug|Any CPU
		{5F09D23A-F723-429C-B15B-E2810D7BB39D}.Debug|Any CPU.Build.0 = Debug|Any CPU
		{5F09D23A-F723-429C-B15B-E2810D7BB39D}.Release|Any CPU.ActiveCfg = Release|Any CPU
		{5F09D23A-F723-429C-B15B-E2810D7BB39D}.Release|Any CPU.Build.0 = Release|Any CPU
	EndGlobalSection
	GlobalSection(SolutionProperties) = preSolution
		HideSolutionNode = FALSE
	EndGlobalSection
	GlobalSection(ExtensibilityGlobals) = postSolution
		SolutionGuid = {55F3E9D2-1558-4AAD-AB24-1C7CDB64BC69}
	EndGlobalSection
EndGlobal
